
Microsoft Visual Studio Solution File, Format Version 12.00
# Visual Studio 15
VisualStudioVersion = 15.0.27703.2042
MinimumVisualStudioVersion = 10.0.40219.1
Project("{FAE04EC0-301F-11D3-BF4B-00C04F79EFBC}") = "DeveloperNetwork", "DeveloperNetwork\DeveloperNetwork.csproj", "{8936228F-E658-42EE-9602-B907C644D17B}"
EndProject
Global
	GlobalSection(SolutionConfigurationPlatforms) = preSolution
		Debug|Any CPU = Debug|Any CPU
		Release|Any CPU = Release|Any CPU
	EndGlobalSection
	GlobalSection(ProjectConfigurationPlatforms) = postSolution
		{8936228F-E658-42EE-9602-B907C644D17B}.Debug|Any CPU.ActiveCfg = Debug|Any CPU
		{8936228F-E658-42EE-9602-B907C644D17B}.Debug|Any CPU.Build.0 = Debug|Any CPU
		{8936228F-E658-42EE-9602-B907C644D17B}.Release|Any CPU.ActiveCfg = Release|Any CPU
		{8936228F-E658-42EE-9602-B907C644D17B}.Release|Any CPU.Build.0 = Release|Any CPU
	EndGlobalSection
	GlobalSection(SolutionProperties) = preSolution
		HideSolutionNode = FALSE
	EndGlobalSection
	GlobalSection(ExtensibilityGlobals) = postSolution
		SolutionGuid = {5A2D0274-DB8A-41F8-95DE-CBAFA275DE6C}
	EndGlobalSection
EndGlobal
